
Microsoft Visual Studio Solution File, Format Version 12.00
# Visual Studio 15
VisualStudioVersion = 15.0.26730.3
MinimumVisualStudioVersion = 10.0.40219.1
Project("{FAE04EC0-301F-11D3-BF4B-00C04F79EFBC}") = "CHAIN OF RESPONSIBILITY", "CHAIN OF RESPONSIBILITY\CHAIN OF RESPONSIBILITY.csproj", "{E3145B57-4A7F-4A76-889F-FC8A4897E9CA}"
EndProject
Project("{FAE04EC0-301F-11D3-BF4B-00C04F79EFBC}") = "Iterator_", "Iterator_\Iterator_.csproj", "{045BF071-EBE4-4901-8BCA-8ED29781CC37}"
EndProject
Project("{FAE04EC0-301F-11D3-BF4B-00C04F79EFBC}") = "Mediator_", "Mediator_\Mediator_.csproj", "{9FD069CA-005B-4A5A-B534-138CAF0DACC9}"
EndProject
Project("{FAE04EC0-301F-11D3-BF4B-00C04F79EFBC}") = "Memento", "Memento\Memento.csproj", "{A7B381A6-8946-4C92-B5C0-57AFC26A6D6C}"
EndProject
Global
	GlobalSection(SolutionConfigurationPlatforms) = preSolution
		Debug|Any CPU = Debug|Any CPU
		Release|Any CPU = Release|Any CPU
	EndGlobalSection
	GlobalSection(ProjectConfigurationPlatforms) = postSolution
		{E3145B57-4A7F-4A76-889F-FC8A4897E9CA}.Debug|Any CPU.ActiveCfg = Debug|Any CPU
		{E3145B57-4A7F-4A76-889F-FC8A4897E9CA}.Debug|Any CPU.Build.0 = Debug|Any CPU
		{E3145B57-4A7F-4A76-889F-FC8A4897E9CA}.Release|Any CPU.ActiveCfg = Release|Any CPU
		{E3145B57-4A7F-4A76-889F-FC8A4897E9CA}.Release|Any CPU.Build.0 = Release|Any CPU
		{045BF071-EBE4-4901-8BCA-8ED29781CC37}.Debug|Any CPU.ActiveCfg = Debug|Any CPU
		{045BF071-EBE4-4901-8BCA-8ED29781CC37}.Debug|Any CPU.Build.0 = Debug|Any CPU
		{045BF071-EBE4-4901-8BCA-8ED29781CC37}.Release|Any CPU.ActiveCfg = Release|Any CPU
		{045BF071-EBE4-4901-8BCA-8ED29781CC37}.Release|Any CPU.Build.0 = Release|Any CPU
		{9FD069CA-005B-4A5A-B534-138CAF0DACC9}.Debug|Any CPU.ActiveCfg = Debug|Any CPU
		{9FD069CA-005B-4A5A-B534-138CAF0DACC9}.Debug|Any CPU.Build.0 = Debug|Any CPU
		{9FD069CA-005B-4A5A-B534-138CAF0DACC9}.Release|Any CPU.ActiveCfg = Release|Any CPU
		{9FD069CA-005B-4A5A-B534-138CAF0DACC9}.Release|Any CPU.Build.0 = Release|Any CPU
		{A7B381A6-8946-4C92-B5C0-57AFC26A6D6C}.Debug|Any CPU.ActiveCfg = Debug|Any CPU
		{A7B381A6-8946-4C92-B5C0-57AFC26A6D6C}.Debug|Any CPU.Build.0 = Debug|Any CPU
		{A7B381A6-8946-4C92-B5C0-57AFC26A6D6C}.Release|Any CPU.ActiveCfg = Release|Any CPU
		{A7B381A6-8946-4C92-B5C0-57AFC26A6D6C}.Release|Any CPU.Build.0 = Release|Any CPU
	EndGlobalSection
	GlobalSection(SolutionProperties) = preSolution
		HideSolutionNode = FALSE
	EndGlobalSection
	GlobalSection(ExtensibilityGlobals) = postSolution
		SolutionGuid = {D1AAB15E-A680-492E-B67C-9C1D5C453355}
	EndGlobalSection
EndGlobal
